Microsoft Visual Studio Solution File, Format Version 12.00
# Visual Studio Version 17
VisualStudioVersion = 17.13.35825.156
MinimumVisualStudioVersion = 10.0.40219.1
Project("{FAE04EC0-301F-11D3-BF4B-00C04F79EFBC}") = "PR2", "PR2\PR2.csproj", "{FCE4877F-5396-48AC-8030-5442605F4733}"
EndProject
Global
	GlobalSection(SolutionConfigurationPlatforms) = preSolution
		Debug|Any CPU = Debug|Any CPU
		Release|Any CPU = Release|Any CPU
	EndGlobalSection
	GlobalSection(ProjectConfigurationPlatforms) = postSolution
		{FCE4877F-5396-48AC-8030-5442605F4733}.Debug|Any CPU.ActiveCfg = Debug|Any CPU
		{FCE4877F-5396-48AC-8030-5442605F4733}.Debug|Any CPU.Build.0 = Debug|Any CPU
		{FCE4877F-5396-48AC-8030-5442605F4733}.Release|Any CPU.ActiveCfg = Release|Any CPU
		{FCE4877F-5396-48AC-8030-5442605F4733}.Release|Any CPU.Build.0 = Release|Any CPU
	EndGlobalSection
	GlobalSection(SolutionProperties) = preSolution
		HideSolutionNode = FALSE
	EndGlobalSection
	GlobalSection(ExtensibilityGlobals) = postSolution
		SolutionGuid = {630ADF0D-2EDF-45A3-AB3A-2E33D4DD58DB}
	EndGlobalSection
EndGlobal
